
Microsoft Visual Studio Solution File, Format Version 12.00
# Visual Studio Version 16
VisualStudioVersion = 16.0.30011.22
MinimumVisualStudioVersion = 10.0.40219.1
Project("{8BC9CEB8-8B4A-11D0-8D11-00A0C91BC942}") = "laba8", "laba8\laba8.vcxproj", "{BD704E87-7ED4-4979-A149-CE8A2F461A39}"
EndProject
Global
	GlobalSection(SolutionConfigurationPlatforms) = preSolution
		Debug|x64 = Debug|x64
		Debug|x86 = Debug|x86
		Release|x64 = Release|x64
		Release|x86 = Release|x86
	EndGlobalSection
	GlobalSection(ProjectConfigurationPlatforms) = postSolution
		{BD704E87-7ED4-4979-A149-CE8A2F461A39}.Debug|x64.ActiveCfg = Debug|x64
		{BD704E87-7ED4-4979-A149-CE8A2F461A39}.Debug|x64.Build.0 = Debug|x64
		{BD704E87-7ED4-4979-A149-CE8A2F461A39}.Debug|x86.ActiveCfg = Debug|Win32
		{BD704E87-7ED4-4979-A149-CE8A2F461A39}.Debug|x86.Build.0 = Debug|Win32
		{BD704E87-7ED4-4979-A149-CE8A2F461A39}.Release|x64.ActiveCfg = Release|x64
		{BD704E87-7ED4-4979-A149-CE8A2F461A39}.Release|x64.Build.0 = Release|x64
		{BD704E87-7ED4-4979-A149-CE8A2F461A39}.Release|x86.ActiveCfg = Release|Win32
		{BD704E87-7ED4-4979-A149-CE8A2F461A39}.Release|x86.Build.0 = Release|Win32
	EndGlobalSection
	GlobalSection(SolutionProperties) = preSolution
		HideSolutionNode = FALSE
	EndGlobalSection
	GlobalSection(ExtensibilityGlobals) = postSolution
		SolutionGuid = {34E3FF6B-757F-425A-8D7C-DD0266EF089A}
	EndGlobalSection
EndGlobal
