
Microsoft Visual Studio Solution File, Format Version 12.00
# Visual Studio Version 16
VisualStudioVersion = 16.0.30011.22
MinimumVisualStudioVersion = 10.0.40219.1
Project("{FAE04EC0-301F-11D3-BF4B-00C04F79EFBC}") = "Based", "Based\Based.csproj", "{8095EAEA-41C6-4824-B917-ED5F6236386A}"
EndProject
Global
	GlobalSection(SolutionConfigurationPlatforms) = preSolution
		Debug|Any CPU = Debug|Any CPU
		Release|Any CPU = Release|Any CPU
	EndGlobalSection
	GlobalSection(ProjectConfigurationPlatforms) = postSolution
		{8095EAEA-41C6-4824-B917-ED5F6236386A}.Debug|Any CPU.ActiveCfg = Debug|Any CPU
		{8095EAEA-41C6-4824-B917-ED5F6236386A}.Debug|Any CPU.Build.0 = Debug|Any CPU
		{8095EAEA-41C6-4824-B917-ED5F6236386A}.Release|Any CPU.ActiveCfg = Release|Any CPU
		{8095EAEA-41C6-4824-B917-ED5F6236386A}.Release|Any CPU.Build.0 = Release|Any CPU
	EndGlobalSection
	GlobalSection(SolutionProperties) = preSolution
		HideSolutionNode = FALSE
	EndGlobalSection
	GlobalSection(ExtensibilityGlobals) = postSolution
		SolutionGuid = {4472E605-EBCF-4703-BE40-6835A8926A0F}
	EndGlobalSection
EndGlobal
