
Microsoft Visual Studio Solution File, Format Version 12.00
# Visual Studio Version 16
VisualStudioVersion = 16.0.31019.35
MinimumVisualStudioVersion = 10.0.40219.1
Project("{FAE04EC0-301F-11D3-BF4B-00C04F79EFBC}") = "WindowsFormsApp1", "WindowsFormsApp1\WindowsFormsApp1.csproj", "{B2A4DBD1-3F2C-497E-96DC-FDE5440BE06E}"
EndProject
Global
	GlobalSection(SolutionConfigurationPlatforms) = preSolution
		Debug|Any CPU = Debug|Any CPU
		Release|Any CPU = Release|Any CPU
	EndGlobalSection
	GlobalSection(ProjectConfigurationPlatforms) = postSolution
		{B2A4DBD1-3F2C-497E-96DC-FDE5440BE06E}.Debug|Any CPU.ActiveCfg = Debug|Any CPU
		{B2A4DBD1-3F2C-497E-96DC-FDE5440BE06E}.Debug|Any CPU.Build.0 = Debug|Any CPU
		{B2A4DBD1-3F2C-497E-96DC-FDE5440BE06E}.Release|Any CPU.ActiveCfg = Release|Any CPU
		{B2A4DBD1-3F2C-497E-96DC-FDE5440BE06E}.Release|Any CPU.Build.0 = Release|Any CPU
	EndGlobalSection
	GlobalSection(SolutionProperties) = preSolution
		HideSolutionNode = FALSE
	EndGlobalSection
	GlobalSection(ExtensibilityGlobals) = postSolution
		SolutionGuid = {408F8318-28CE-489D-A9DC-CA8122F2AD00}
	EndGlobalSection
EndGlobal
