
Microsoft Visual Studio Solution File, Format Version 12.00
# Visual Studio Version 16
VisualStudioVersion = 16.0.31019.35
MinimumVisualStudioVersion = 10.0.40219.1
Project("{FAE04EC0-301F-11D3-BF4B-00C04F79EFBC}") = "KyrsachOOP", "KyrsachOOP\KyrsachOOP.csproj", "{64063436-8D27-42AA-8655-C01DC5F820B6}"
EndProject
Global
	GlobalSection(SolutionConfigurationPlatforms) = preSolution
		Debug|Any CPU = Debug|Any CPU
		Release|Any CPU = Release|Any CPU
	EndGlobalSection
	GlobalSection(ProjectConfigurationPlatforms) = postSolution
		{64063436-8D27-42AA-8655-C01DC5F820B6}.Debug|Any CPU.ActiveCfg = Debug|Any CPU
		{64063436-8D27-42AA-8655-C01DC5F820B6}.Debug|Any CPU.Build.0 = Debug|Any CPU
		{64063436-8D27-42AA-8655-C01DC5F820B6}.Release|Any CPU.ActiveCfg = Release|Any CPU
		{64063436-8D27-42AA-8655-C01DC5F820B6}.Release|Any CPU.Build.0 = Release|Any CPU
	EndGlobalSection
	GlobalSection(SolutionProperties) = preSolution
		HideSolutionNode = FALSE
	EndGlobalSection
	GlobalSection(ExtensibilityGlobals) = postSolution
		SolutionGuid = {FC55C37F-8A41-497F-8EF9-1ABC467ACA2A}
	EndGlobalSection
EndGlobal
