
Microsoft Visual Studio Solution File, Format Version 12.00
# Visual Studio Version 16
VisualStudioVersion = 16.0.32413.511
MinimumVisualStudioVersion = 10.0.40219.1
Project("{FAE04EC0-301F-11D3-BF4B-00C04F79EFBC}") = "test4.1", "test4.1\test4.1.csproj", "{CC6F69D3-0CE5-49BE-8C48-A14096AC1977}"
EndProject
Global
	GlobalSection(SolutionConfigurationPlatforms) = preSolution
		Debug|Any CPU = Debug|Any CPU
		Release|Any CPU = Release|Any CPU
	EndGlobalSection
	GlobalSection(ProjectConfigurationPlatforms) = postSolution
		{CC6F69D3-0CE5-49BE-8C48-A14096AC1977}.Debug|Any CPU.ActiveCfg = Debug|Any CPU
		{CC6F69D3-0CE5-49BE-8C48-A14096AC1977}.Debug|Any CPU.Build.0 = Debug|Any CPU
		{CC6F69D3-0CE5-49BE-8C48-A14096AC1977}.Release|Any CPU.ActiveCfg = Release|Any CPU
		{CC6F69D3-0CE5-49BE-8C48-A14096AC1977}.Release|Any CPU.Build.0 = Release|Any CPU
	EndGlobalSection
	GlobalSection(SolutionProperties) = preSolution
		HideSolutionNode = FALSE
	EndGlobalSection
	GlobalSection(ExtensibilityGlobals) = postSolution
		SolutionGuid = {127D862B-0FFB-49AB-ADED-05CACCC78B98}
	EndGlobalSection
EndGlobal
